// !$*UTF8*$!
{
	archiveVersion = 1;
	classes = {
	};
	objectVersion = 46;
	objects = {

/* Begin PBXBuildFile section */
		05BDCCFD1AADEE3C00567469 /* GCDAsyncUdpSocket.m in Sources */ = {isa = PBXBuildFile; fileRef = 05BDCCFC1AADEE3C00567469 /* GCDAsyncUdpSocket.m */; };
		05E1E64C1AACD8440093D497 /* IOKit.framework in Frameworks */ = {isa = PBXBuildFile; fileRef = 05E1E64B1AACD8440093D497 /* IOKit.framework */; };
		05E1E6571AAD634C0093D497 /* main.mm in Sources */ = {isa = PBXBuildFile; fileRef = 05E1E6541AAD634C0093D497 /* main.mm */; };
		05E1E6581AAD634C0093D497 /* xbox_data_fetcher_mac.mm in Sources */ = {isa = PBXBuildFile; fileRef = 05E1E6561AAD634C0093D497 /* xbox_data_fetcher_mac.mm */; };
/* End PBXBuildFile section */

/* Begin PBXCopyFilesBuildPhase section */
		05E1E63F1AACC3780093D497 /* CopyFiles */ = {
			isa = PBXCopyFilesBuildPhase;
			buildActionMask = 2147483647;
			dstPath = /usr/share/man/man1/;
			dstSubfolderSpec = 0;
			files = (
			);
			runOnlyForDeploymentPostprocessing = 1;
		};
/* End PBXCopyFilesBuildPhase section */

/* Begin PBXFileReference section */
		05BDCCFB1AADEE3C00567469 /* GCDAsyncUdpSocket.h */ = {isa = PBXFileReference; fileEncoding = 4; lastKnownFileType = sourcecode.c.h; path = GCDAsyncUdpSocket.h; sourceTree = SOURCE_ROOT; };
		05BDCCFC1AADEE3C00567469 /* GCDAsyncUdpSocket.m */ = {isa = PBXFileReference; fileEncoding = 4; lastKnownFileType = sourcecode.c.objc; path = GCDAsyncUdpSocket.m; sourceTree = SOURCE_ROOT; };
		05E1E6411AACC3780093D497 /* xboxshim */ = {isa = PBXFileReference; explicitFileType = "compiled.mach-o.executable"; includeInIndex = 0; path = xboxshim; sourceTree = BUILT_PRODUCTS_DIR; };
		05E1E64B1AACD8440093D497 /* IOKit.framework */ = {isa = PBXFileReference; lastKnownFileType = wrapper.framework; name = IOKit.framework; path = System/Library/Frameworks/IOKit.framework; sourceTree = SDKROOT; };
		05E1E6541AAD634C0093D497 /* main.mm */ = {isa = PBXFileReference; fileEncoding = 4; lastKnownFileType = sourcecode.cpp.objcpp; path = main.mm; sourceTree = SOURCE_ROOT; };
		05E1E6551AAD634C0093D497 /* xbox_data_fetcher_mac.h */ = {isa = PBXFileReference; fileEncoding = 4; lastKnownFileType = sourcecode.c.h; path = xbox_data_fetcher_mac.h; sourceTree = SOURCE_ROOT; };
		05E1E6561AAD634C0093D497 /* xbox_data_fetcher_mac.mm */ = {isa = PBXFileReference; fileEncoding = 4; lastKnownFileType = sourcecode.cpp.objcpp; path = xbox_data_fetcher_mac.mm; sourceTree = SOURCE_ROOT; };
/* End PBXFileReference section */

/* Begin PBXFrameworksBuildPhase section */
		05E1E63E1AACC3780093D497 /* Frameworks */ = {
			isa = PBXFrameworksBuildPhase;
			buildActionMask = 2147483647;
			files = (
				05E1E64C1AACD8440093D497 /* IOKit.framework in Frameworks */,
			);
			runOnlyForDeploymentPostprocessing = 0;
		};
/* End PBXFrameworksBuildPhase section */

/* Begin PBXGroup section */
		05E1E6381AACC3780093D497 = {
			isa = PBXGroup;
			children = (
				05E1E64B1AACD8440093D497 /* IOKit.framework */,
				05E1E6431AACC3780093D497 /* xboxshim */,
				05E1E6421AACC3780093D497 /* Products */,
			);
			sourceTree = "<group>";
		};
		05E1E6421AACC3780093D497 /* Products */ = {
			isa = PBXGroup;
			children = (
				05E1E6411AACC3780093D497 /* xboxshim */,
			);
			name = Products;
			sourceTree = "<group>";
		};
		05E1E6431AACC3780093D497 /* xboxshim */ = {
			isa = PBXGroup;
			children = (
				05BDCCFB1AADEE3C00567469 /* GCDAsyncUdpSocket.h */,
				05BDCCFC1AADEE3C00567469 /* GCDAsyncUdpSocket.m */,
				05E1E6551AAD634C0093D497 /* xbox_data_fetcher_mac.h */,
				05E1E6561AAD634C0093D497 /* xbox_data_fetcher_mac.mm */,
				05E1E6541AAD634C0093D497 /* main.mm */,
			);
			path = xboxshim;
			sourceTree = "<group>";
		};
/* End PBXGroup section */

/* Begin PBXNativeTarget section */
		05E1E6401AACC3780093D497 /* xboxshim */ = {
			isa = PBXNativeTarget;
			buildConfigurationList = 05E1E6481AACC3780093D497 /* Build configuration list for PBXNativeTarget "xboxshim" */;
			buildPhases = (
				05E1E63D1AACC3780093D497 /* Sources */,
				05E1E63E1AACC3780093D497 /* Frameworks */,
				05E1E63F1AACC3780093D497 /* CopyFiles */,
			);
			buildRules = (
			);
			dependencies = (
			);
			name = xboxshim;
			productName = xboxshim;
			productReference = 05E1E6411AACC3780093D497 /* xboxshim */;
			productType = "com.apple.product-type.tool";
		};
/* End PBXNativeTarget section */

/* Begin PBXProject section */
		05E1E6391AACC3780093D497 /* Project object */ = {
			isa = PBXProject;
			attributes = {
				LastUpgradeCheck = 0630;
				ORGANIZATIONNAME = "Mokuba Digital";
				TargetAttributes = {
					05E1E6401AACC3780093D497 = {
						CreatedOnToolsVersion = 6.3;
					};
				};
			};
			buildConfigurationList = 05E1E63C1AACC3780093D497 /* Build configuration list for PBXProject "xboxshim" */;
			compatibilityVersion = "Xcode 3.2";
			developmentRegion = English;
			hasScannedForEncodings = 0;
			knownRegions = (
				en,
			);
			mainGroup = 05E1E6381AACC3780093D497;
			productRefGroup = 05E1E6421AACC3780093D497 /* Products */;
			projectDirPath = "";
			projectRoot = "";
			targets = (
				05E1E6401AACC3780093D497 /* xboxshim */,
			);
		};
/* End PBXProject section */

/* Begin PBXSourcesBuildPhase section */
		05E1E63D1AACC3780093D497 /* Sources */ = {
			isa = PBXSourcesBuildPhase;
			buildActionMask = 2147483647;
			files = (
				05E1E6581AAD634C0093D497 /* xbox_data_fetcher_mac.mm in Sources */,
				05BDCCFD1AADEE3C00567469 /* GCDAsyncUdpSocket.m in Sources */,
				05E1E6571AAD634C0093D497 /* main.mm in Sources */,
			);
			runOnlyForDeploymentPostprocessing = 0;
		};
/* End PBXSourcesBuildPhase section */

/* Begin XCBuildConfiguration section */
		05E1E6461AACC3780093D497 /* Debug */ = {
			isa = XCBuildConfiguration;
			buildSettings = {
				ALWAYS_SEARCH_USER_PATHS = NO;
				CLANG_CXX_LANGUAGE_STANDARD = "gnu++0x";
				CLANG_CXX_LIBRARY = "libc++";
				CLANG_ENABLE_MODULES = YES;
				CLANG_ENABLE_OBJC_ARC = YES;
				CLANG_WARN_BOOL_CONVERSION = YES;
				CLANG_WARN_CONSTANT_CONVERSION = YES;
				CLANG_WARN_DIRECT_OBJC_ISA_USAGE = YES_ERROR;
				CLANG_WARN_EMPTY_BODY = YES;
				CLANG_WARN_ENUM_CONVERSION = YES;
				CLANG_WARN_INT_CONVERSION = YES;
				CLANG_WARN_OBJC_ROOT_CLASS = YES_ERROR;
				CLANG_WARN_UNREACHABLE_CODE = YES;
				CLANG_WARN__DUPLICATE_METHOD_MATCH = YES;
				COPY_PHASE_STRIP = NO;
				DEBUG_INFORMATION_FORMAT = dwarf;
				ENABLE_STRICT_OBJC_MSGSEND = YES;
				GCC_C_LANGUAGE_STANDARD = gnu99;
				GCC_DYNAMIC_NO_PIC = NO;
				GCC_OPTIMIZATION_LEVEL = 0;
				GCC_PREPROCESSOR_DEFINITIONS = (
					"DEBUG=1",
					"$(inherited)",
				);
				GCC_SYMBOLS_PRIVATE_EXTERN = NO;
				GCC_WARN_64_TO_32_BIT_CONVERSION = YES;
				GCC_WARN_ABOUT_RETURN_TYPE = YES_ERROR;
				GCC_WARN_UNDECLARED_SELECTOR = YES;
				GCC_WARN_UNINITIALIZED_AUTOS = YES_AGGRESSIVE;
				GCC_WARN_UNUSED_FUNCTION = YES;
				GCC_WARN_UNUSED_VARIABLE = YES;
				MACOSX_DEPLOYMENT_TARGET = 10.10;
				MTL_ENABLE_DEBUG_INFO = YES;
				ONLY_ACTIVE_ARCH = YES;
				SDKROOT = macosx;
			};
			name = Debug;
		};
		05E1E6471AACC3780093D497 /* Release */ = {
			isa = XCBuildConfiguration;
			buildSettings = {
				ALWAYS_SEARCH_USER_PATHS = NO;
				CLANG_CXX_LANGUAGE_STANDARD = "gnu++0x";
				CLANG_CXX_LIBRARY = "libc++";
				CLANG_ENABLE_MODULES = YES;
				CLANG_ENABLE_OBJC_ARC = YES;
				CLANG_WARN_BOOL_CONVERSION = YES;
				CLANG_WARN_CONSTANT_CONVERSION = YES;
				CLANG_WARN_DIRECT_OBJC_ISA_USAGE = YES_ERROR;
				CLANG_WARN_EMPTY_BODY = YES;
				CLANG_WARN_ENUM_CONVERSION = YES;
				CLANG_WARN_INT_CONVERSION = YES;
				CLANG_WARN_OBJC_ROOT_CLASS = YES_ERROR;
				CLANG_WARN_UNREACHABLE_CODE = YES;
				CLANG_WARN__DUPLICATE_METHOD_MATCH = YES;
				COPY_PHASE_STRIP = NO;
				DEBUG_INFORMATION_FORMAT = "dwarf-with-dsym";
				ENABLE_NS_ASSERTIONS = NO;
				ENABLE_STRICT_OBJC_MSGSEND = YES;
				GCC_C_LANGUAGE_STANDARD = gnu99;
				GCC_WARN_64_TO_32_BIT_CONVERSION = YES;
				GCC_WARN_ABOUT_RETURN_TYPE = YES_ERROR;
				GCC_WARN_UNDECLARED_SELECTOR = YES;
				GCC_WARN_UNINITIALIZED_AUTOS = YES_AGGRESSIVE;
				GCC_WARN_UNUSED_FUNCTION = YES;
				GCC_WARN_UNUSED_VARIABLE = YES;
				MACOSX_DEPLOYMENT_TARGET = 10.10;
				MTL_ENABLE_DEBUG_INFO = NO;
				SDKROOT = macosx;
			};
			name = Release;
		};
		05E1E6491AACC3780093D497 /* Debug */ = {
			isa = XCBuildConfiguration;
			buildSettings = {
				ARCHS = "$(ARCHS_STANDARD_32_64_BIT)";
				PRODUCT_NAME = "$(TARGET_NAME)";
				USER_HEADER_SEARCH_PATHS = "Chromium\\ Stuff/**";
			};
			name = Debug;
		};
		05E1E64A1AACC3780093D497 /* Release */ = {
			isa = XCBuildConfiguration;
			buildSettings = {
				ARCHS = "$(ARCHS_STANDARD_32_64_BIT)";
				PRODUCT_NAME = "$(TARGET_NAME)";
				USER_HEADER_SEARCH_PATHS = "Chromium\\ Stuff/**";
			};
			name = Release;
		};
/* End XCBuildConfiguration section */

/* Begin XCConfigurationList section */
		05E1E63C1AACC3780093D497 /* Build configuration list for PBXProject "xboxshim" */ = {
			isa = XCConfigurationList;
			buildConfigurations = (
				05E1E6461AACC3780093D497 /* Debug */,
				05E1E6471AACC3780093D497 /* Release */,
			);
			defaultConfigurationIsVisible = 0;
			defaultConfigurationName = Release;
		};
		05E1E6481AACC3780093D497 /* Build configuration list for PBXNativeTarget "xboxshim" */ = {
			isa = XCConfigurationList;
			buildConfigurations = (
				05E1E6491AACC3780093D497 /* Debug */,
				05E1E64A1AACC3780093D497 /* Release */,
			);
			defaultConfigurationIsVisible = 0;
			defaultConfigurationName = Release;
		};
/* End XCConfigurationList section */
	};
	rootObject = 05E1E6391AACC3780093D497 /* Project object */;
}
